// !$*UTF8*$!
{
	archiveVersion = 1;
	classes = {
	};
	objectVersion = 56;
	objects = {

/* Begin PBXBuildFile section */
		1C00FC312A1C9044003DC51D /* AppDelegate.swift in Sources */ = {isa = PBXBuildFile; fileRef = 1C00FC302A1C9044003DC51D /* AppDelegate.swift */; };
		1C00FC352A1C9044003DC51D /* ViewController.swift in Sources */ = {isa = PBXBuildFile; fileRef = 1C00FC342A1C9044003DC51D /* ViewController.swift */; };
		1C00FC382A1C9044003DC51D /* Main.storyboard in Resources */ = {isa = PBXBuildFile; fileRef = 1C00FC362A1C9044003DC51D /* Main.storyboard */; };
		1C00FC3A2A1C9045003DC51D /* Assets.xcassets in Resources */ = {isa = PBXBuildFile; fileRef = 1C00FC392A1C9045003DC51D /* Assets.xcassets */; };
		1C00FC3D2A1C9045003DC51D /* LaunchScreen.storyboard in Resources */ = {isa = PBXBuildFile; fileRef = 1C00FC3B2A1C9045003DC51D /* LaunchScreen.storyboard */; };
		1C00FC482A1C9045003DC51D /* CleanStoreTests.swift in Sources */ = {isa = PBXBuildFile; fileRef = 1C00FC472A1C9045003DC51D /* CleanStoreTests.swift */; };
		1C00FC522A1C9045003DC51D /* CleanStoreUITests.swift in Sources */ = {isa = PBXBuildFile; fileRef = 1C00FC512A1C9045003DC51D /* CleanStoreUITests.swift */; };
		1C00FC542A1C9045003DC51D /* CleanStoreUITestsLaunchTests.swift in Sources */ = {isa = PBXBuildFile; fileRef = 1C00FC532A1C9045003DC51D /* CleanStoreUITestsLaunchTests.swift */; };
		1C00FC682A1C913C003DC51D /* CreateOrderPresenter.swift in Sources */ = {isa = PBXBuildFile; fileRef = 1C00FC622A1C913C003DC51D /* CreateOrderPresenter.swift */; };
		1C00FC692A1C913C003DC51D /* CreateOrderPresenter.swift in Sources */ = {isa = PBXBuildFile; fileRef = 1C00FC622A1C913C003DC51D /* CreateOrderPresenter.swift */; };
		1C00FC6A2A1C913C003DC51D /* CreateOrderPresenter.swift in Sources */ = {isa = PBXBuildFile; fileRef = 1C00FC622A1C913C003DC51D /* CreateOrderPresenter.swift */; };
		1C00FC6B2A1C913C003DC51D /* CreateOrderWorker.swift in Sources */ = {isa = PBXBuildFile; fileRef = 1C00FC632A1C913C003DC51D /* CreateOrderWorker.swift */; };
		1C00FC6C2A1C913C003DC51D /* CreateOrderWorker.swift in Sources */ = {isa = PBXBuildFile; fileRef = 1C00FC632A1C913C003DC51D /* CreateOrderWorker.swift */; };
		1C00FC6D2A1C913C003DC51D /* CreateOrderWorker.swift in Sources */ = {isa = PBXBuildFile; fileRef = 1C00FC632A1C913C003DC51D /* CreateOrderWorker.swift */; };
		1C00FC6E2A1C913C003DC51D /* CreateOrderRouter.swift in Sources */ = {isa = PBXBuildFile; fileRef = 1C00FC642A1C913C003DC51D /* CreateOrderRouter.swift */; };
		1C00FC6F2A1C913C003DC51D /* CreateOrderRouter.swift in Sources */ = {isa = PBXBuildFile; fileRef = 1C00FC642A1C913C003DC51D /* CreateOrderRouter.swift */; };
		1C00FC702A1C913C003DC51D /* CreateOrderRouter.swift in Sources */ = {isa = PBXBuildFile; fileRef = 1C00FC642A1C913C003DC51D /* CreateOrderRouter.swift */; };
		1C00FC712A1C913C003DC51D /* CreateOrderModels.swift in Sources */ = {isa = PBXBuildFile; fileRef = 1C00FC652A1C913C003DC51D /* CreateOrderModels.swift */; };
		1C00FC722A1C913C003DC51D /* CreateOrderModels.swift in Sources */ = {isa = PBXBuildFile; fileRef = 1C00FC652A1C913C003DC51D /* CreateOrderModels.swift */; };
		1C00FC732A1C913C003DC51D /* CreateOrderModels.swift in Sources */ = {isa = PBXBuildFile; fileRef = 1C00FC652A1C913C003DC51D /* CreateOrderModels.swift */; };
		1C00FC742A1C913C003DC51D /* CreateOrderViewController.swift in Sources */ = {isa = PBXBuildFile; fileRef = 1C00FC662A1C913C003DC51D /* CreateOrderViewController.swift */; };
		1C00FC752A1C913C003DC51D /* CreateOrderViewController.swift in Sources */ = {isa = PBXBuildFile; fileRef = 1C00FC662A1C913C003DC51D /* CreateOrderViewController.swift */; };
		1C00FC762A1C913C003DC51D /* CreateOrderViewController.swift in Sources */ = {isa = PBXBuildFile; fileRef = 1C00FC662A1C913C003DC51D /* CreateOrderViewController.swift */; };
		1C00FC772A1C913C003DC51D /* CreateOrderInteractor.swift in Sources */ = {isa = PBXBuildFile; fileRef = 1C00FC672A1C913C003DC51D /* CreateOrderInteractor.swift */; };
		1C00FC782A1C913C003DC51D /* CreateOrderInteractor.swift in Sources */ = {isa = PBXBuildFile; fileRef = 1C00FC672A1C913C003DC51D /* CreateOrderInteractor.swift */; };
		1C00FC792A1C913C003DC51D /* CreateOrderInteractor.swift in Sources */ = {isa = PBXBuildFile; fileRef = 1C00FC672A1C913C003DC51D /* CreateOrderInteractor.swift */; };
		1C26EE2F2A31599900E321F0 /* OrdersWorker.swift in Sources */ = {isa = PBXBuildFile; fileRef = 1C26EE2E2A31599900E321F0 /* OrdersWorker.swift */; };
		1C26EE322A31624F00E321F0 /* OrderModels.swift in Sources */ = {isa = PBXBuildFile; fileRef = 1C26EE312A31624F00E321F0 /* OrderModels.swift */; };
		1C26EE352A31964200E321F0 /* OrderMemStore.swift in Sources */ = {isa = PBXBuildFile; fileRef = 1C26EE342A31964200E321F0 /* OrderMemStore.swift */; };
		1C26EE3D2A32931800E321F0 /* ShowOrderPresenter.swift in Sources */ = {isa = PBXBuildFile; fileRef = 1C26EE372A32931800E321F0 /* ShowOrderPresenter.swift */; };
		1C26EE3E2A32931800E321F0 /* ShowOrderWorker.swift in Sources */ = {isa = PBXBuildFile; fileRef = 1C26EE382A32931800E321F0 /* ShowOrderWorker.swift */; };
		1C26EE3F2A32931800E321F0 /* ShowOrderRouter.swift in Sources */ = {isa = PBXBuildFile; fileRef = 1C26EE392A32931800E321F0 /* ShowOrderRouter.swift */; };
		1C26EE402A32931800E321F0 /* ShowOrderModels.swift in Sources */ = {isa = PBXBuildFile; fileRef = 1C26EE3A2A32931800E321F0 /* ShowOrderModels.swift */; };
		1C26EE412A32931800E321F0 /* ShowOrderViewController.swift in Sources */ = {isa = PBXBuildFile; fileRef = 1C26EE3B2A32931800E321F0 /* ShowOrderViewController.swift */; };
		1C26EE422A32931800E321F0 /* ShowOrderInteractor.swift in Sources */ = {isa = PBXBuildFile; fileRef = 1C26EE3C2A32931800E321F0 /* ShowOrderInteractor.swift */; };
		1CB14D672A30653600A8193F /* ListOrdersPresenter.swift in Sources */ = {isa = PBXBuildFile; fileRef = 1CB14D612A30653600A8193F /* ListOrdersPresenter.swift */; };
		1CB14D682A30653600A8193F /* ListOrdersWorker.swift in Sources */ = {isa = PBXBuildFile; fileRef = 1CB14D622A30653600A8193F /* ListOrdersWorker.swift */; };
		1CB14D692A30653600A8193F /* ListOrdersRouter.swift in Sources */ = {isa = PBXBuildFile; fileRef = 1CB14D632A30653600A8193F /* ListOrdersRouter.swift */; };
		1CB14D6A2A30653600A8193F /* ListOrdersModels.swift in Sources */ = {isa = PBXBuildFile; fileRef = 1CB14D642A30653600A8193F /* ListOrdersModels.swift */; };
		1CB14D6B2A30653600A8193F /* ListOrdersViewController.swift in Sources */ = {isa = PBXBuildFile; fileRef = 1CB14D652A30653600A8193F /* ListOrdersViewController.swift */; };
		1CB14D6C2A30653600A8193F /* ListOrdersInteractor.swift in Sources */ = {isa = PBXBuildFile; fileRef = 1CB14D662A30653600A8193F /* ListOrdersInteractor.swift */; };
/* End PBXBuildFile section */

/* Begin PBXContainerItemProxy section */
		1C00FC442A1C9045003DC51D /* PBXContainerItemProxy */ = {
			isa = PBXContainerItemProxy;
			containerPortal = 1C00FC252A1C9044003DC51D /* Project object */;
			proxyType = 1;
			remoteGlobalIDString = 1C00FC2C2A1C9044003DC51D;
			remoteInfo = CleanStore;
		};
		1C00FC4E2A1C9045003DC51D /* PBXContainerItemProxy */ = {
			isa = PBXContainerItemProxy;
			containerPortal = 1C00FC252A1C9044003DC51D /* Project object */;
			proxyType = 1;
			remoteGlobalIDString = 1C00FC2C2A1C9044003DC51D;
			remoteInfo = CleanStore;
		};
/* End PBXContainerItemProxy section */

/* Begin PBXFileReference section */
		1C00FC2D2A1C9044003DC51D /* CleanStore.app */ = {isa = PBXFileReference; explicitFileType = wrapper.application; includeInIndex = 0; path = CleanStore.app; sourceTree = BUILT_PRODUCTS_DIR; };
		1C00FC302A1C9044003DC51D /* AppDelegate.swift */ = {isa = PBXFileReference; lastKnownFileType = sourcecode.swift; path = AppDelegate.swift; sourceTree = "<group>"; };
		1C00FC342A1C9044003DC51D /* ViewController.swift */ = {isa = PBXFileReference; lastKnownFileType = sourcecode.swift; path = ViewController.swift; sourceTree = "<group>"; };
		1C00FC372A1C9044003DC51D /* Base */ = {isa = PBXFileReference; lastKnownFileType = file.storyboard; name = Base; path = Base.lproj/Main.storyboard; sourceTree = "<group>"; };
		1C00FC392A1C9045003DC51D /* Assets.xcassets */ = {isa = PBXFileReference; lastKnownFileType = folder.assetcatalog; path = Assets.xcassets; sourceTree = "<group>"; };
		1C00FC3C2A1C9045003DC51D /* Base */ = {isa = PBXFileReference; lastKnownFileType = file.storyboard; name = Base; path = Base.lproj/LaunchScreen.storyboard; sourceTree = "<group>"; };
		1C00FC3E2A1C9045003DC51D /* Info.plist */ = {isa = PBXFileReference; lastKnownFileType = text.plist.xml; path = Info.plist; sourceTree = "<group>"; };
		1C00FC432A1C9045003DC51D /* CleanStoreTests.xctest */ = {isa = PBXFileReference; explicitFileType = wrapper.cfbundle; includeInIndex = 0; path = CleanStoreTests.xctest; sourceTree = BUILT_PRODUCTS_DIR; };
		1C00FC472A1C9045003DC51D /* CleanStoreTests.swift */ = {isa = PBXFileReference; lastKnownFileType = sourcecode.swift; path = CleanStoreTests.swift; sourceTree = "<group>"; };
		1C00FC4D2A1C9045003DC51D /* CleanStoreUITests.xctest */ = {isa = PBXFileReference; explicitFileType = wrapper.cfbundle; includeInIndex = 0; path = CleanStoreUITests.xctest; sourceTree = BUILT_PRODUCTS_DIR; };
		1C00FC512A1C9045003DC51D /* CleanStoreUITests.swift */ = {isa = PBXFileReference; lastKnownFileType = sourcecode.swift; path = CleanStoreUITests.swift; sourceTree = "<group>"; };
		1C00FC532A1C9045003DC51D /* CleanStoreUITestsLaunchTests.swift */ = {isa = PBXFileReference; lastKnownFileType = sourcecode.swift; path = CleanStoreUITestsLaunchTests.swift; sourceTree = "<group>"; };
		1C00FC622A1C913C003DC51D /* CreateOrderPresenter.swift */ = {isa = PBXFileReference; lastKnownFileType = sourcecode.swift; path = CreateOrderPresenter.swift; sourceTree = "<group>"; };
		1C00FC632A1C913C003DC51D /* CreateOrderWorker.swift */ = {isa = PBXFileReference; lastKnownFileType = sourcecode.swift; path = CreateOrderWorker.swift; sourceTree = "<group>"; };
		1C00FC642A1C913C003DC51D /* CreateOrderRouter.swift */ = {isa = PBXFileReference; lastKnownFileType = sourcecode.swift; path = CreateOrderRouter.swift; sourceTree = "<group>"; };
		1C00FC652A1C913C003DC51D /* CreateOrderModels.swift */ = {isa = PBXFileReference; lastKnownFileType = sourcecode.swift; path = CreateOrderModels.swift; sourceTree = "<group>"; };
		1C00FC662A1C913C003DC51D /* CreateOrderViewController.swift */ = {isa = PBXFileReference; lastKnownFileType = sourcecode.swift; path = CreateOrderViewController.swift; sourceTree = "<group>"; };
		1C00FC672A1C913C003DC51D /* CreateOrderInteractor.swift */ = {isa = PBXFileReference; lastKnownFileType = sourcecode.swift; path = CreateOrderInteractor.swift; sourceTree = "<group>"; };
		1C26EE2E2A31599900E321F0 /* OrdersWorker.swift */ = {isa = PBXFileReference; lastKnownFileType = sourcecode.swift; path = OrdersWorker.swift; sourceTree = "<group>"; };
		1C26EE312A31624F00E321F0 /* OrderModels.swift */ = {isa = PBXFileReference; lastKnownFileType = sourcecode.swift; path = OrderModels.swift; sourceTree = "<group>"; };
		1C26EE342A31964200E321F0 /* OrderMemStore.swift */ = {isa = PBXFileReference; lastKnownFileType = sourcecode.swift; path = OrderMemStore.swift; sourceTree = "<group>"; };
		1C26EE372A32931800E321F0 /* ShowOrderPresenter.swift */ = {isa = PBXFileReference; lastKnownFileType = sourcecode.swift; path = ShowOrderPresenter.swift; sourceTree = "<group>"; };
		1C26EE382A32931800E321F0 /* ShowOrderWorker.swift */ = {isa = PBXFileReference; lastKnownFileType = sourcecode.swift; path = ShowOrderWorker.swift; sourceTree = "<group>"; };
		1C26EE392A32931800E321F0 /* ShowOrderRouter.swift */ = {isa = PBXFileReference; lastKnownFileType = sourcecode.swift; path = ShowOrderRouter.swift; sourceTree = "<group>"; };
		1C26EE3A2A32931800E321F0 /* ShowOrderModels.swift */ = {isa = PBXFileReference; lastKnownFileType = sourcecode.swift; path = ShowOrderModels.swift; sourceTree = "<group>"; };
		1C26EE3B2A32931800E321F0 /* ShowOrderViewController.swift */ = {isa = PBXFileReference; lastKnownFileType = sourcecode.swift; path = ShowOrderViewController.swift; sourceTree = "<group>"; };
		1C26EE3C2A32931800E321F0 /* ShowOrderInteractor.swift */ = {isa = PBXFileReference; lastKnownFileType = sourcecode.swift; path = ShowOrderInteractor.swift; sourceTree = "<group>"; };
		1CB14D612A30653600A8193F /* ListOrdersPresenter.swift */ = {isa = PBXFileReference; lastKnownFileType = sourcecode.swift; path = ListOrdersPresenter.swift; sourceTree = "<group>"; };
		1CB14D622A30653600A8193F /* ListOrdersWorker.swift */ = {isa = PBXFileReference; lastKnownFileType = sourcecode.swift; path = ListOrdersWorker.swift; sourceTree = "<group>"; };
		1CB14D632A30653600A8193F /* ListOrdersRouter.swift */ = {isa = PBXFileReference; lastKnownFileType = sourcecode.swift; path = ListOrdersRouter.swift; sourceTree = "<group>"; };
		1CB14D642A30653600A8193F /* ListOrdersModels.swift */ = {isa = PBXFileReference; lastKnownFileType = sourcecode.swift; path = ListOrdersModels.swift; sourceTree = "<group>"; };
		1CB14D652A30653600A8193F /* ListOrdersViewController.swift */ = {isa = PBXFileReference; lastKnownFileType = sourcecode.swift; path = ListOrdersViewController.swift; sourceTree = "<group>"; };
		1CB14D662A30653600A8193F /* ListOrdersInteractor.swift */ = {isa = PBXFileReference; lastKnownFileType = sourcecode.swift; path = ListOrdersInteractor.swift; sourceTree = "<group>"; };
/* End PBXFileReference section */

/* Begin PBXFrameworksBuildPhase section */
		1C00FC2A2A1C9044003DC51D /* Frameworks */ = {
			isa = PBXFrameworksBuildPhase;
			buildActionMask = 2147483647;
			files = (
			);
			runOnlyForDeploymentPostprocessing = 0;
		};
		1C00FC402A1C9045003DC51D /* Frameworks */ = {
			isa = PBXFrameworksBuildPhase;
			buildActionMask = 2147483647;
			files = (
			);
			runOnlyForDeploymentPostprocessing = 0;
		};
		1C00FC4A2A1C9045003DC51D /* Frameworks */ = {
			isa = PBXFrameworksBuildPhase;
			buildActionMask = 2147483647;
			files = (
			);
			runOnlyForDeploymentPostprocessing = 0;
		};
/* End PBXFrameworksBuildPhase section */

/* Begin PBXGroup section */
		1C00FC242A1C9044003DC51D = {
			isa = PBXGroup;
			children = (
				1C00FC2F2A1C9044003DC51D /* CleanStore */,
				1C00FC462A1C9045003DC51D /* CleanStoreTests */,
				1C00FC502A1C9045003DC51D /* CleanStoreUITests */,
				1C00FC2E2A1C9044003DC51D /* Products */,
			);
			sourceTree = "<group>";
		};
		1C00FC2E2A1C9044003DC51D /* Products */ = {
			isa = PBXGroup;
			children = (
				1C00FC2D2A1C9044003DC51D /* CleanStore.app */,
				1C00FC432A1C9045003DC51D /* CleanStoreTests.xctest */,
				1C00FC4D2A1C9045003DC51D /* CleanStoreUITests.xctest */,
			);
			name = Products;
			sourceTree = "<group>";
		};
		1C00FC2F2A1C9044003DC51D /* CleanStore */ = {
			isa = PBXGroup;
			children = (
				1C26EE332A3195A800E321F0 /* Services */,
				1C26EE302A31623500E321F0 /* Models */,
				1C26EE2D2A31594200E321F0 /* Workers */,
				1C00FC602A1C90D3003DC51D /* Scenes */,
				1C00FC302A1C9044003DC51D /* AppDelegate.swift */,
				1C00FC342A1C9044003DC51D /* ViewController.swift */,
				1C00FC362A1C9044003DC51D /* Main.storyboard */,
				1C00FC392A1C9045003DC51D /* Assets.xcassets */,
				1C00FC3B2A1C9045003DC51D /* LaunchScreen.storyboard */,
				1C00FC3E2A1C9045003DC51D /* Info.plist */,
			);
			path = CleanStore;
			sourceTree = "<group>";
		};
		1C00FC462A1C9045003DC51D /* CleanStoreTests */ = {
			isa = PBXGroup;
			children = (
				1C00FC472A1C9045003DC51D /* CleanStoreTests.swift */,
			);
			path = CleanStoreTests;
			sourceTree = "<group>";
		};
		1C00FC502A1C9045003DC51D /* CleanStoreUITests */ = {
			isa = PBXGroup;
			children = (
				1C00FC512A1C9045003DC51D /* CleanStoreUITests.swift */,
				1C00FC532A1C9045003DC51D /* CleanStoreUITestsLaunchTests.swift */,
			);
			path = CleanStoreUITests;
			sourceTree = "<group>";
		};
		1C00FC602A1C90D3003DC51D /* Scenes */ = {
			isa = PBXGroup;
			children = (
				1C26EE362A32930300E321F0 /* ShowOrder */,
				1CB14D602A30651B00A8193F /* ListOrders */,
				1C00FC612A1C90E7003DC51D /* CreateOrder */,
			);
			path = Scenes;
			sourceTree = "<group>";
		};
		1C00FC612A1C90E7003DC51D /* CreateOrder */ = {
			isa = PBXGroup;
			children = (
				1C00FC622A1C913C003DC51D /* CreateOrderPresenter.swift */,
				1C00FC632A1C913C003DC51D /* CreateOrderWorker.swift */,
				1C00FC642A1C913C003DC51D /* CreateOrderRouter.swift */,
				1C00FC652A1C913C003DC51D /* CreateOrderModels.swift */,
				1C00FC662A1C913C003DC51D /* CreateOrderViewController.swift */,
				1C00FC672A1C913C003DC51D /* CreateOrderInteractor.swift */,
			);
			path = CreateOrder;
			sourceTree = "<group>";
		};
		1C26EE2D2A31594200E321F0 /* Workers */ = {
			isa = PBXGroup;
			children = (
				1C26EE2E2A31599900E321F0 /* OrdersWorker.swift */,
			);
			path = Workers;
			sourceTree = "<group>";
		};
		1C26EE302A31623500E321F0 /* Models */ = {
			isa = PBXGroup;
			children = (
				1C26EE312A31624F00E321F0 /* OrderModels.swift */,
			);
			path = Models;
			sourceTree = "<group>";
		};
		1C26EE332A3195A800E321F0 /* Services */ = {
			isa = PBXGroup;
			children = (
				1C26EE342A31964200E321F0 /* OrderMemStore.swift */,
			);
			path = Services;
			sourceTree = "<group>";
		};
		1C26EE362A32930300E321F0 /* ShowOrder */ = {
			isa = PBXGroup;
			children = (
				1C26EE372A32931800E321F0 /* ShowOrderPresenter.swift */,
				1C26EE382A32931800E321F0 /* ShowOrderWorker.swift */,
				1C26EE392A32931800E321F0 /* ShowOrderRouter.swift */,
				1C26EE3A2A32931800E321F0 /* ShowOrderModels.swift */,
				1C26EE3B2A32931800E321F0 /* ShowOrderViewController.swift */,
				1C26EE3C2A32931800E321F0 /* ShowOrderInteractor.swift */,
			);
			path = ShowOrder;
			sourceTree = "<group>";
		};
		1CB14D602A30651B00A8193F /* ListOrders */ = {
			isa = PBXGroup;
			children = (
				1CB14D612A30653600A8193F /* ListOrdersPresenter.swift */,
				1CB14D622A30653600A8193F /* ListOrdersWorker.swift */,
				1CB14D632A30653600A8193F /* ListOrdersRouter.swift */,
				1CB14D642A30653600A8193F /* ListOrdersModels.swift */,
				1CB14D652A30653600A8193F /* ListOrdersViewController.swift */,
				1CB14D662A30653600A8193F /* ListOrdersInteractor.swift */,
			);
			path = ListOrders;
			sourceTree = "<group>";
		};
/* End PBXGroup section */

/* Begin PBXNativeTarget section */
		1C00FC2C2A1C9044003DC51D /* CleanStore */ = {
			isa = PBXNativeTarget;
			buildConfigurationList = 1C00FC572A1C9045003DC51D /* Build configuration list for PBXNativeTarget "CleanStore" */;
			buildPhases = (
				1C00FC292A1C9044003DC51D /* Sources */,
				1C00FC2A2A1C9044003DC51D /* Frameworks */,
				1C00FC2B2A1C9044003DC51D /* Resources */,
			);
			buildRules = (
			);
			dependencies = (
			);
			name = CleanStore;
			productName = CleanStore;
			productReference = 1C00FC2D2A1C9044003DC51D /* CleanStore.app */;
			productType = "com.apple.product-type.application";
		};
		1C00FC422A1C9045003DC51D /* CleanStoreTests */ = {
			isa = PBXNativeTarget;
			buildConfigurationList = 1C00FC5A2A1C9045003DC51D /* Build configuration list for PBXNativeTarget "CleanStoreTests" */;
			buildPhases = (
				1C00FC3F2A1C9045003DC51D /* Sources */,
				1C00FC402A1C9045003DC51D /* Frameworks */,
				1C00FC412A1C9045003DC51D /* Resources */,
			);
			buildRules = (
			);
			dependencies = (
				1C00FC452A1C9045003DC51D /* PBXTargetDependency */,
			);
			name = CleanStoreTests;
			productName = CleanStoreTests;
			productReference = 1C00FC432A1C9045003DC51D /* CleanStoreTests.xctest */;
			productType = "com.apple.product-type.bundle.unit-test";
		};
		1C00FC4C2A1C9045003DC51D /* CleanStoreUITests */ = {
			isa = PBXNativeTarget;
			buildConfigurationList = 1C00FC5D2A1C9045003DC51D /* Build configuration list for PBXNativeTarget "CleanStoreUITests" */;
			buildPhases = (
				1C00FC492A1C9045003DC51D /* Sources */,
				1C00FC4A2A1C9045003DC51D /* Frameworks */,
				1C00FC4B2A1C9045003DC51D /* Resources */,
			);
			buildRules = (
			);
			dependencies = (
				1C00FC4F2A1C9045003DC51D /* PBXTargetDependency */,
			);
			name = CleanStoreUITests;
			productName = CleanStoreUITests;
			productReference = 1C00FC4D2A1C9045003DC51D /* CleanStoreUITests.xctest */;
			productType = "com.apple.product-type.bundle.ui-testing";
		};
/* End PBXNativeTarget section */

/* Begin PBXProject section */
		1C00FC252A1C9044003DC51D /* Project object */ = {
			isa = PBXProject;
			attributes = {
				BuildIndependentTargetsInParallel = 1;
				LastSwiftUpdateCheck = 1420;
				LastUpgradeCheck = 1420;
				TargetAttributes = {
					1C00FC2C2A1C9044003DC51D = {
						CreatedOnToolsVersion = 14.2;
					};
					1C00FC422A1C9045003DC51D = {
						CreatedOnToolsVersion = 14.2;
						TestTargetID = 1C00FC2C2A1C9044003DC51D;
					};
					1C00FC4C2A1C9045003DC51D = {
						CreatedOnToolsVersion = 14.2;
						TestTargetID = 1C00FC2C2A1C9044003DC51D;
					};
				};
			};
			buildConfigurationList = 1C00FC282A1C9044003DC51D /* Build configuration list for PBXProject "CleanStore" */;
			compatibilityVersion = "Xcode 14.0";
			developmentRegion = en;
			hasScannedForEncodings = 0;
			knownRegions = (
				en,
				Base,
			);
			mainGroup = 1C00FC242A1C9044003DC51D;
			productRefGroup = 1C00FC2E2A1C9044003DC51D /* Products */;
			projectDirPath = "";
			projectRoot = "";
			targets = (
				1C00FC2C2A1C9044003DC51D /* CleanStore */,
				1C00FC422A1C9045003DC51D /* CleanStoreTests */,
				1C00FC4C2A1C9045003DC51D /* CleanStoreUITests */,
			);
		};
/* End PBXProject section */

/* Begin PBXResourcesBuildPhase section */
		1C00FC2B2A1C9044003DC51D /* Resources */ = {
			isa = PBXResourcesBuildPhase;
			buildActionMask = 2147483647;
			files = (
				1C00FC3D2A1C9045003DC51D /* LaunchScreen.storyboard in Resources */,
				1C00FC3A2A1C9045003DC51D /* Assets.xcassets in Resources */,
				1C00FC382A1C9044003DC51D /* Main.storyboard in Resources */,
			);
			runOnlyForDeploymentPostprocessing = 0;
		};
		1C00FC412A1C9045003DC51D /* Resources */ = {
			isa = PBXResourcesBuildPhase;
			buildActionMask = 2147483647;
			files = (
			);
			runOnlyForDeploymentPostprocessing = 0;
		};
		1C00FC4B2A1C9045003DC51D /* Resources */ = {
			isa = PBXResourcesBuildPhase;
			buildActionMask = 2147483647;
			files = (
			);
			runOnlyForDeploymentPostprocessing = 0;
		};
/* End PBXResourcesBuildPhase section */

/* Begin PBXSourcesBuildPhase section */
		1C00FC292A1C9044003DC51D /* Sources */ = {
			isa = PBXSourcesBuildPhase;
			buildActionMask = 2147483647;
			files = (
				1CB14D6A2A30653600A8193F /* ListOrdersModels.swift in Sources */,
				1CB14D6B2A30653600A8193F /* ListOrdersViewController.swift in Sources */,
				1C26EE3F2A32931800E321F0 /* ShowOrderRouter.swift in Sources */,
				1CB14D692A30653600A8193F /* ListOrdersRouter.swift in Sources */,
				1CB14D682A30653600A8193F /* ListOrdersWorker.swift in Sources */,
				1C00FC352A1C9044003DC51D /* ViewController.swift in Sources */,
				1C00FC742A1C913C003DC51D /* CreateOrderViewController.swift in Sources */,
				1C00FC682A1C913C003DC51D /* CreateOrderPresenter.swift in Sources */,
				1C00FC6B2A1C913C003DC51D /* CreateOrderWorker.swift in Sources */,
				1C26EE3E2A32931800E321F0 /* ShowOrderWorker.swift in Sources */,
				1C26EE352A31964200E321F0 /* OrderMemStore.swift in Sources */,
				1C26EE402A32931800E321F0 /* ShowOrderModels.swift in Sources */,
				1C00FC712A1C913C003DC51D /* CreateOrderModels.swift in Sources */,
				1C26EE3D2A32931800E321F0 /* ShowOrderPresenter.swift in Sources */,
				1C00FC772A1C913C003DC51D /* CreateOrderInteractor.swift in Sources */,
				1CB14D672A30653600A8193F /* ListOrdersPresenter.swift in Sources */,
				1C26EE422A32931800E321F0 /* ShowOrderInteractor.swift in Sources */,
				1C00FC312A1C9044003DC51D /* AppDelegate.swift in Sources */,
				1C26EE322A31624F00E321F0 /* OrderModels.swift in Sources */,
				1C26EE412A32931800E321F0 /* ShowOrderViewController.swift in Sources */,
				1C00FC6E2A1C913C003DC51D /* CreateOrderRouter.swift in Sources */,
				1C26EE2F2A31599900E321F0 /* OrdersWorker.swift in Sources */,
				1CB14D6C2A30653600A8193F /* ListOrdersInteractor.swift in Sources */,
			);
			runOnlyForDeploymentPostprocessing = 0;
		};
		1C00FC3F2A1C9045003DC51D /* Sources */ = {
			isa = PBXSourcesBuildPhase;
			buildActionMask = 2147483647;
			files = (
				1C00FC482A1C9045003DC51D /* CleanStoreTests.swift in Sources */,
				1C00FC752A1C913C003DC51D /* CreateOrderViewController.swift in Sources */,
				1C00FC6C2A1C913C003DC51D /* CreateOrderWorker.swift in Sources */,
				1C00FC722A1C913C003DC51D /* CreateOrderModels.swift in Sources */,
				1C00FC692A1C913C003DC51D /* CreateOrderPresenter.swift in Sources */,
				1C00FC6F2A1C913C003DC51D /* CreateOrderRouter.swift in Sources */,
				1C00FC782A1C913C003DC51D /* CreateOrderInteractor.swift in Sources */,
			);
			runOnlyForDeploymentPostprocessing = 0;
		};
		1C00FC492A1C9045003DC51D /* Sources */ = {
			isa = PBXSourcesBuildPhase;
			buildActionMask = 2147483647;
			files = (
				1C00FC732A1C913C003DC51D /* CreateOrderModels.swift in Sources */,
				1C00FC792A1C913C003DC51D /* CreateOrderInteractor.swift in Sources */,
				1C00FC6D2A1C913C003DC51D /* CreateOrderWorker.swift in Sources */,
				1C00FC762A1C913C003DC51D /* CreateOrderViewController.swift in Sources */,
				1C00FC542A1C9045003DC51D /* CleanStoreUITestsLaunchTests.swift in Sources */,
				1C00FC702A1C913C003DC51D /* CreateOrderRouter.swift in Sources */,
				1C00FC522A1C9045003DC51D /* CleanStoreUITests.swift in Sources */,
				1C00FC6A2A1C913C003DC51D /* CreateOrderPresenter.swift in Sources */,
			);
			runOnlyForDeploymentPostprocessing = 0;
		};
/* End PBXSourcesBuildPhase section */

/* Begin PBXTargetDependency section */
		1C00FC452A1C9045003DC51D /* PBXTargetDependency */ = {
			isa = PBXTargetDependency;
			target = 1C00FC2C2A1C9044003DC51D /* CleanStore */;
			targetProxy = 1C00FC442A1C9045003DC51D /* PBXContainerItemProxy */;
		};
		1C00FC4F2A1C9045003DC51D /* PBXTargetDependency */ = {
			isa = PBXTargetDependency;
			target = 1C00FC2C2A1C9044003DC51D /* CleanStore */;
			targetProxy = 1C00FC4E2A1C9045003DC51D /* PBXContainerItemProxy */;
		};
/* End PBXTargetDependency section */

/* Begin PBXVariantGroup section */
		1C00FC362A1C9044003DC51D /* Main.storyboard */ = {
			isa = PBXVariantGroup;
			children = (
				1C00FC372A1C9044003DC51D /* Base */,
			);
			name = Main.storyboard;
			sourceTree = "<group>";
		};
		1C00FC3B2A1C9045003DC51D /* LaunchScreen.storyboard */ = {
			isa = PBXVariantGroup;
			children = (
				1C00FC3C2A1C9045003DC51D /* Base */,
			);
			name = LaunchScreen.storyboard;
			sourceTree = "<group>";
		};
/* End PBXVariantGroup section */

/* Begin XCBuildConfiguration section */
		1C00FC552A1C9045003DC51D /* Debug */ = {
			isa = XCBuildConfiguration;
			buildSettings = {
				ALWAYS_SEARCH_USER_PATHS = NO;
				CLANG_ANALYZER_NONNULL = YES;
				CLANG_ANALYZER_NUMBER_OBJECT_CONVERSION = YES_AGGRESSIVE;
				CLANG_CXX_LANGUAGE_STANDARD = "gnu++20";
				CLANG_ENABLE_MODULES = YES;
				CLANG_ENABLE_OBJC_ARC = YES;
				CLANG_ENABLE_OBJC_WEAK = YES;
				CLANG_WARN_BLOCK_CAPTURE_AUTORELEASING = YES;
				CLANG_WARN_BOOL_CONVERSION = YES;
				CLANG_WARN_COMMA = YES;
				CLANG_WARN_CONSTANT_CONVERSION = YES;
				CLANG_WARN_DEPRECATED_OBJC_IMPLEMENTATIONS = YES;
				CLANG_WARN_DIRECT_OBJC_ISA_USAGE = YES_ERROR;
				CLANG_WARN_DOCUMENTATION_COMMENTS = YES;
				CLANG_WARN_EMPTY_BODY = YES;
				CLANG_WARN_ENUM_CONVERSION = YES;
				CLANG_WARN_INFINITE_RECURSION = YES;
				CLANG_WARN_INT_CONVERSION = YES;
				CLANG_WARN_NON_LITERAL_NULL_CONVERSION = YES;
				CLANG_WARN_OBJC_IMPLICIT_RETAIN_SELF = YES;
				CLANG_WARN_OBJC_LITERAL_CONVERSION = YES;
				CLANG_WARN_OBJC_ROOT_CLASS = YES_ERROR;
				CLANG_WARN_QUOTED_INCLUDE_IN_FRAMEWORK_HEADER = YES;
				CLANG_WARN_RANGE_LOOP_ANALYSIS = YES;
				CLANG_WARN_STRICT_PROTOTYPES = YES;
				CLANG_WARN_SUSPICIOUS_MOVE = YES;
				CLANG_WARN_UNGUARDED_AVAILABILITY = YES_AGGRESSIVE;
				CLANG_WARN_UNREACHABLE_CODE = YES;
				CLANG_WARN__DUPLICATE_METHOD_MATCH = YES;
				COPY_PHASE_STRIP = NO;
				DEBUG_INFORMATION_FORMAT = dwarf;
				ENABLE_STRICT_OBJC_MSGSEND = YES;
				ENABLE_TESTABILITY = YES;
				GCC_C_LANGUAGE_STANDARD = gnu11;
				GCC_DYNAMIC_NO_PIC = NO;
				GCC_NO_COMMON_BLOCKS = YES;
				GCC_OPTIMIZATION_LEVEL = 0;
				GCC_PREPROCESSOR_DEFINITIONS = (
					"DEBUG=1",
					"$(inherited)",
				);
				GCC_WARN_64_TO_32_BIT_CONVERSION = YES;
				GCC_WARN_ABOUT_RETURN_TYPE = YES_ERROR;
				GCC_WARN_UNDECLARED_SELECTOR = YES;
				GCC_WARN_UNINITIALIZED_AUTOS = YES_AGGRESSIVE;
				GCC_WARN_UNUSED_FUNCTION = YES;
				GCC_WARN_UNUSED_VARIABLE = YES;
				IPHONEOS_DEPLOYMENT_TARGET = 16.2;
				MTL_ENABLE_DEBUG_INFO = INCLUDE_SOURCE;
				MTL_FAST_MATH = YES;
				ONLY_ACTIVE_ARCH = YES;
				SDKROOT = iphoneos;
				SWIFT_ACTIVE_COMPILATION_CONDITIONS = DEBUG;
				SWIFT_OPTIMIZATION_LEVEL = "-Onone";
			};
			name = Debug;
		};
		1C00FC562A1C9045003DC51D /* Release */ = {
			isa = XCBuildConfiguration;
			buildSettings = {
				ALWAYS_SEARCH_USER_PATHS = NO;
				CLANG_ANALYZER_NONNULL = YES;
				CLANG_ANALYZER_NUMBER_OBJECT_CONVERSION = YES_AGGRESSIVE;
				CLANG_CXX_LANGUAGE_STANDARD = "gnu++20";
				CLANG_ENABLE_MODULES = YES;
				CLANG_ENABLE_OBJC_ARC = YES;
				CLANG_ENABLE_OBJC_WEAK = YES;
				CLANG_WARN_BLOCK_CAPTURE_AUTORELEASING = YES;
				CLANG_WARN_BOOL_CONVERSION = YES;
				CLANG_WARN_COMMA = YES;
				CLANG_WARN_CONSTANT_CONVERSION = YES;
				CLANG_WARN_DEPRECATED_OBJC_IMPLEMENTATIONS = YES;
				CLANG_WARN_DIRECT_OBJC_ISA_USAGE = YES_ERROR;
				CLANG_WARN_DOCUMENTATION_COMMENTS = YES;
				CLANG_WARN_EMPTY_BODY = YES;
				CLANG_WARN_ENUM_CONVERSION = YES;
				CLANG_WARN_INFINITE_RECURSION = YES;
				CLANG_WARN_INT_CONVERSION = YES;
				CLANG_WARN_NON_LITERAL_NULL_CONVERSION = YES;
				CLANG_WARN_OBJC_IMPLICIT_RETAIN_SELF = YES;
				CLANG_WARN_OBJC_LITERAL_CONVERSION = YES;
				CLANG_WARN_OBJC_ROOT_CLASS = YES_ERROR;
				CLANG_WARN_QUOTED_INCLUDE_IN_FRAMEWORK_HEADER = YES;
				CLANG_WARN_RANGE_LOOP_ANALYSIS = YES;
				CLANG_WARN_STRICT_PROTOTYPES = YES;
				CLANG_WARN_SUSPICIOUS_MOVE = YES;
				CLANG_WARN_UNGUARDED_AVAILABILITY = YES_AGGRESSIVE;
				CLANG_WARN_UNREACHABLE_CODE = YES;
				CLANG_WARN__DUPLICATE_METHOD_MATCH = YES;
				COPY_PHASE_STRIP = NO;
				DEBUG_INFORMATION_FORMAT = "dwarf-with-dsym";
				ENABLE_NS_ASSERTIONS = NO;
				ENABLE_STRICT_OBJC_MSGSEND = YES;
				GCC_C_LANGUAGE_STANDARD = gnu11;
				GCC_NO_COMMON_BLOCKS = YES;
				GCC_WARN_64_TO_32_BIT_CONVERSION = YES;
				GCC_WARN_ABOUT_RETURN_TYPE = YES_ERROR;
				GCC_WARN_UNDECLARED_SELECTOR = YES;
				GCC_WARN_UNINITIALIZED_AUTOS = YES_AGGRESSIVE;
				GCC_WARN_UNUSED_FUNCTION = YES;
				GCC_WARN_UNUSED_VARIABLE = YES;
				IPHONEOS_DEPLOYMENT_TARGET = 16.2;
				MTL_ENABLE_DEBUG_INFO = NO;
				MTL_FAST_MATH = YES;
				SDKROOT = iphoneos;
				SWIFT_COMPILATION_MODE = wholemodule;
				SWIFT_OPTIMIZATION_LEVEL = "-O";
				VALIDATE_PRODUCT = YES;
			};
			name = Release;
		};
		1C00FC582A1C9045003DC51D /* Debug */ = {
			isa = XCBuildConfiguration;
			buildSettings = {
				ASSETCATALOG_COMPILER_APPICON_NAME = AppIcon;
				ASSETCATALOG_COMPILER_GLOBAL_ACCENT_COLOR_NAME = AccentColor;
				CODE_SIGN_STYLE = Automatic;
				CURRENT_PROJECT_VERSION = 1;
				DEVELOPMENT_TEAM = 9P6WAX9VN5;
				GENERATE_INFOPLIST_FILE = YES;
				INFOPLIST_FILE = CleanStore/Info.plist;
				INFOPLIST_KEY_UIApplicationSupportsIndirectInputEvents = YES;
				INFOPLIST_KEY_UILaunchStoryboardName = LaunchScreen;
				INFOPLIST_KEY_UIMainStoryboardFile = Main;
				INFOPLIST_KEY_UISupportedInterfaceOrientations_iPad = "UIInterfaceOrientationPortrait UIInterfaceOrientationPortraitUpsideDown UIInterfaceOrientationLandscapeLeft UIInterfaceOrientationLandscapeRight";
				INFOPLIST_KEY_UISupportedInterfaceOrientations_iPhone = "UIInterfaceOrientationPortrait UIInterfaceOrientationLandscapeLeft UIInterfaceOrientationLandscapeRight";
				LD_RUNPATH_SEARCH_PATHS = (
					"$(inherited)",
					"@executable_path/Frameworks",
				);
				MARKETING_VERSION = 1.0;
				PRODUCT_BUNDLE_IDENTIFIER = kr.co.yoon.CleanStore;
				PRODUCT_NAME = "$(TARGET_NAME)";
				SWIFT_EMIT_LOC_STRINGS = YES;
				SWIFT_VERSION = 5.0;
				TARGETED_DEVICE_FAMILY = "1,2";
			};
			name = Debug;
		};
		1C00FC592A1C9045003DC51D /* Release */ = {
			isa = XCBuildConfiguration;
			buildSettings = {
				ASSETCATALOG_COMPILER_APPICON_NAME = AppIcon;
				ASSETCATALOG_COMPILER_GLOBAL_ACCENT_COLOR_NAME = AccentColor;
				CODE_SIGN_STYLE = Automatic;
				CURRENT_PROJECT_VERSION = 1;
				DEVELOPMENT_TEAM = 9P6WAX9VN5;
				GENERATE_INFOPLIST_FILE = YES;
				INFOPLIST_FILE = CleanStore/Info.plist;
				INFOPLIST_KEY_UIApplicationSupportsIndirectInputEvents = YES;
				INFOPLIST_KEY_UILaunchStoryboardName = LaunchScreen;
				INFOPLIST_KEY_UIMainStoryboardFile = Main;
				INFOPLIST_KEY_UISupportedInterfaceOrientations_iPad = "UIInterfaceOrientationPortrait UIInterfaceOrientationPortraitUpsideDown UIInterfaceOrientationLandscapeLeft UIInterfaceOrientationLandscapeRight";
				INFOPLIST_KEY_UISupportedInterfaceOrientations_iPhone = "UIInterfaceOrientationPortrait UIInterfaceOrientationLandscapeLeft UIInterfaceOrientationLandscapeRight";
				LD_RUNPATH_SEARCH_PATHS = (
					"$(inherited)",
					"@executable_path/Frameworks",
				);
				MARKETING_VERSION = 1.0;
				PRODUCT_BUNDLE_IDENTIFIER = kr.co.yoon.CleanStore;
				PRODUCT_NAME = "$(TARGET_NAME)";
				SWIFT_EMIT_LOC_STRINGS = YES;
				SWIFT_VERSION = 5.0;
				TARGETED_DEVICE_FAMILY = "1,2";
			};
			name = Release;
		};
		1C00FC5B2A1C9045003DC51D /* Debug */ = {
			isa = XCBuildConfiguration;
			buildSettings = {
				ALWAYS_EMBED_SWIFT_STANDARD_LIBRARIES = YES;
				BUNDLE_LOADER = "$(TEST_HOST)";
				CODE_SIGN_STYLE = Automatic;
				CURRENT_PROJECT_VERSION = 1;
				DEVELOPMENT_TEAM = 9P6WAX9VN5;
				GENERATE_INFOPLIST_FILE = YES;
				IPHONEOS_DEPLOYMENT_TARGET = 16.2;
				MARKETING_VERSION = 1.0;
				PRODUCT_BUNDLE_IDENTIFIER = kr.co.yoon.CleanStoreTests;
				PRODUCT_NAME = "$(TARGET_NAME)";
				SWIFT_EMIT_LOC_STRINGS = NO;
				SWIFT_VERSION = 5.0;
				TARGETED_DEVICE_FAMILY = "1,2";
				TEST_HOST = "$(BUILT_PRODUCTS_DIR)/CleanStore.app/$(BUNDLE_EXECUTABLE_FOLDER_PATH)/CleanStore";
			};
			name = Debug;
		};
		1C00FC5C2A1C9045003DC51D /* Release */ = {
			isa = XCBuildConfiguration;
			buildSettings = {
				ALWAYS_EMBED_SWIFT_STANDARD_LIBRARIES = YES;
				BUNDLE_LOADER = "$(TEST_HOST)";
				CODE_SIGN_STYLE = Automatic;
				CURRENT_PROJECT_VERSION = 1;
				DEVELOPMENT_TEAM = 9P6WAX9VN5;
				GENERATE_INFOPLIST_FILE = YES;
				IPHONEOS_DEPLOYMENT_TARGET = 16.2;
				MARKETING_VERSION = 1.0;
				PRODUCT_BUNDLE_IDENTIFIER = kr.co.yoon.CleanStoreTests;
				PRODUCT_NAME = "$(TARGET_NAME)";
				SWIFT_EMIT_LOC_STRINGS = NO;
				SWIFT_VERSION = 5.0;
				TARGETED_DEVICE_FAMILY = "1,2";
				TEST_HOST = "$(BUILT_PRODUCTS_DIR)/CleanStore.app/$(BUNDLE_EXECUTABLE_FOLDER_PATH)/CleanStore";
			};
			name = Release;
		};
		1C00FC5E2A1C9045003DC51D /* Debug */ = {
			isa = XCBuildConfiguration;
			buildSettings = {
				ALWAYS_EMBED_SWIFT_STANDARD_LIBRARIES = YES;
				CODE_SIGN_STYLE = Automatic;
				CURRENT_PROJECT_VERSION = 1;
				DEVELOPMENT_TEAM = 9P6WAX9VN5;
				GENERATE_INFOPLIST_FILE = YES;
				MARKETING_VERSION = 1.0;
				PRODUCT_BUNDLE_IDENTIFIER = kr.co.yoon.CleanStoreUITests;
				PRODUCT_NAME = "$(TARGET_NAME)";
				SWIFT_EMIT_LOC_STRINGS = NO;
				SWIFT_VERSION = 5.0;
				TARGETED_DEVICE_FAMILY = "1,2";
				TEST_TARGET_NAME = CleanStore;
			};
			name = Debug;
		};
		1C00FC5F2A1C9045003DC51D /* Release */ = {
			isa = XCBuildConfiguration;
			buildSettings = {
				ALWAYS_EMBED_SWIFT_STANDARD_LIBRARIES = YES;
				CODE_SIGN_STYLE = Automatic;
				CURRENT_PROJECT_VERSION = 1;
				DEVELOPMENT_TEAM = 9P6WAX9VN5;
				GENERATE_INFOPLIST_FILE = YES;
				MARKETING_VERSION = 1.0;
				PRODUCT_BUNDLE_IDENTIFIER = kr.co.yoon.CleanStoreUITests;
				PRODUCT_NAME = "$(TARGET_NAME)";
				SWIFT_EMIT_LOC_STRINGS = NO;
				SWIFT_VERSION = 5.0;
				TARGETED_DEVICE_FAMILY = "1,2";
				TEST_TARGET_NAME = CleanStore;
			};
			name = Release;
		};
/* End XCBuildConfiguration section */

/* Begin XCConfigurationList section */
		1C00FC282A1C9044003DC51D /* Build configuration list for PBXProject "CleanStore" */ = {
			isa = XCConfigurationList;
			buildConfigurations = (
				1C00FC552A1C9045003DC51D /* Debug */,
				1C00FC562A1C9045003DC51D /* Release */,
			);
			defaultConfigurationIsVisible = 0;
			defaultConfigurationName = Release;
		};
		1C00FC572A1C9045003DC51D /* Build configuration list for PBXNativeTarget "CleanStore" */ = {
			isa = XCConfigurationList;
			buildConfigurations = (
				1C00FC582A1C9045003DC51D /* Debug */,
				1C00FC592A1C9045003DC51D /* Release */,
			);
			defaultConfigurationIsVisible = 0;
			defaultConfigurationName = Release;
		};
		1C00FC5A2A1C9045003DC51D /* Build configuration list for PBXNativeTarget "CleanStoreTests" */ = {
			isa = XCConfigurationList;
			buildConfigurations = (
				1C00FC5B2A1C9045003DC51D /* Debug */,
				1C00FC5C2A1C9045003DC51D /* Release */,
			);
			defaultConfigurationIsVisible = 0;
			defaultConfigurationName = Release;
		};
		1C00FC5D2A1C9045003DC51D /* Build configuration list for PBXNativeTarget "CleanStoreUITests" */ = {
			isa = XCConfigurationList;
			buildConfigurations = (
				1C00FC5E2A1C9045003DC51D /* Debug */,
				1C00FC5F2A1C9045003DC51D /* Release */,
			);
			defaultConfigurationIsVisible = 0;
			defaultConfigurationName = Release;
		};
/* End XCConfigurationList section */
	};
	rootObject = 1C00FC252A1C9044003DC51D /* Project object */;
}
